
Microsoft Visual Studio Solution File, Format Version 12.00
# Visual Studio Version 17
VisualStudioVersion = 17.3.32819.101
MinimumVisualStudioVersion = 10.0.40219.1
Project("{FAE04EC0-301F-11D3-BF4B-00C04F79EFBC}") = "Meno get y set", "Meno get y set\Meno get y set.csproj", "{E7FAE7AC-420C-40C6-A635-96C49A89C562}"
EndProject
Global
	GlobalSection(SolutionConfigurationPlatforms) = preSolution
		Debug|Any CPU = Debug|Any CPU
		Release|Any CPU = Release|Any CPU
	EndGlobalSection
	GlobalSection(ProjectConfigurationPlatforms) = postSolution
		{E7FAE7AC-420C-40C6-A635-96C49A89C562}.Debug|Any CPU.ActiveCfg = Debug|Any CPU
		{E7FAE7AC-420C-40C6-A635-96C49A89C562}.Debug|Any CPU.Build.0 = Debug|Any CPU
		{E7FAE7AC-420C-40C6-A635-96C49A89C562}.Release|Any CPU.ActiveCfg = Release|Any CPU
		{E7FAE7AC-420C-40C6-A635-96C49A89C562}.Release|Any CPU.Build.0 = Release|Any CPU
	EndGlobalSection
	GlobalSection(SolutionProperties) = preSolution
		HideSolutionNode = FALSE
	EndGlobalSection
	GlobalSection(ExtensibilityGlobals) = postSolution
		SolutionGuid = {2EB174CD-5DB2-405D-B688-384D9D877C5C}
	EndGlobalSection
EndGlobal
